
Microsoft Visual Studio Solution File, Format Version 12.00
# Visual Studio Version 17
VisualStudioVersion = 17.2.32526.322
MinimumVisualStudioVersion = 10.0.40219.1
Project("{FAE04EC0-301F-11D3-BF4B-00C04F79EFBC}") = "ERPWan", "ERPWan\ERPWan.csproj", "{90ACDDC4-C9F9-4BB6-B09B-4F053C2D4A69}"
EndProject
Global
	GlobalSection(SolutionConfigurationPlatforms) = preSolution
		Debug|Any CPU = Debug|Any CPU
		Release|Any CPU = Release|Any CPU
	EndGlobalSection
	GlobalSection(ProjectConfigurationPlatforms) = postSolution
		{90ACDDC4-C9F9-4BB6-B09B-4F053C2D4A69}.Debug|Any CPU.ActiveCfg = Debug|Any CPU
		{90ACDDC4-C9F9-4BB6-B09B-4F053C2D4A69}.Debug|Any CPU.Build.0 = Debug|Any CPU
		{90ACDDC4-C9F9-4BB6-B09B-4F053C2D4A69}.Release|Any CPU.ActiveCfg = Release|Any CPU
		{90ACDDC4-C9F9-4BB6-B09B-4F053C2D4A69}.Release|Any CPU.Build.0 = Release|Any CPU
	EndGlobalSection
	GlobalSection(SolutionProperties) = preSolution
		HideSolutionNode = FALSE
	EndGlobalSection
	GlobalSection(ExtensibilityGlobals) = postSolution
		SolutionGuid = {7F0E960A-5AEA-4E08-BE1B-EEFB9B33308C}
	EndGlobalSection
EndGlobal
